
Microsoft Visual Studio Solution File, Format Version 12.00
# Visual Studio Version 16
VisualStudioVersion = 16.0.31729.503
MinimumVisualStudioVersion = 10.0.40219.1
Project("{FAE04EC0-301F-11D3-BF4B-00C04F79EFBC}") = "knt5", "knt5\knt5.csproj", "{AFB9718B-B5DB-4D0E-86F8-7B87F3D9F5EA}"
EndProject
Global
	GlobalSection(SolutionConfigurationPlatforms) = preSolution
		Debug|Any CPU = Debug|Any CPU
		Release|Any CPU = Release|Any CPU
	EndGlobalSection
	GlobalSection(ProjectConfigurationPlatforms) = postSolution
		{AFB9718B-B5DB-4D0E-86F8-7B87F3D9F5EA}.Debug|Any CPU.ActiveCfg = Debug|Any CPU
		{AFB9718B-B5DB-4D0E-86F8-7B87F3D9F5EA}.Debug|Any CPU.Build.0 = Debug|Any CPU
		{AFB9718B-B5DB-4D0E-86F8-7B87F3D9F5EA}.Release|Any CPU.ActiveCfg = Release|Any CPU
		{AFB9718B-B5DB-4D0E-86F8-7B87F3D9F5EA}.Release|Any CPU.Build.0 = Release|Any CPU
	EndGlobalSection
	GlobalSection(SolutionProperties) = preSolution
		HideSolutionNode = FALSE
	EndGlobalSection
	GlobalSection(ExtensibilityGlobals) = postSolution
		SolutionGuid = {13A1F149-2BCA-4562-B574-DB5E0F506ED6}
	EndGlobalSection
EndGlobal
